
Microsoft Visual Studio Solution File, Format Version 12.00
# Visual Studio Version 16
VisualStudioVersion = 16.0.30517.126
MinimumVisualStudioVersion = 10.0.40219.1
Project("{8BC9CEB8-8B4A-11D0-8D11-00A0C91BC942}") = "SwAgentSdk", "SwAgentSdk.vcxproj", "{8DB5B7F8-AE53-40AC-BF91-BC00B7EBD28E}"
EndProject
Global
	GlobalSection(SolutionConfigurationPlatforms) = preSolution
		Debug|x64 = Debug|x64
		Debug|x86 = Debug|x86
		Release|x64 = Release|x64
		Release|x86 = Release|x86
	EndGlobalSection
	GlobalSection(ProjectConfigurationPlatforms) = postSolution
		{8DB5B7F8-AE53-40AC-BF91-BC00B7EBD28E}.Debug|x64.ActiveCfg = Debug|x64
		{8DB5B7F8-AE53-40AC-BF91-BC00B7EBD28E}.Debug|x64.Build.0 = Debug|x64
		{8DB5B7F8-AE53-40AC-BF91-BC00B7EBD28E}.Debug|x86.ActiveCfg = Debug|Win32
		{8DB5B7F8-AE53-40AC-BF91-BC00B7EBD28E}.Debug|x86.Build.0 = Debug|Win32
		{8DB5B7F8-AE53-40AC-BF91-BC00B7EBD28E}.Release|x64.ActiveCfg = Release|x64
		{8DB5B7F8-AE53-40AC-BF91-BC00B7EBD28E}.Release|x64.Build.0 = Release|x64
		{8DB5B7F8-AE53-40AC-BF91-BC00B7EBD28E}.Release|x86.ActiveCfg = Release|Win32
		{8DB5B7F8-AE53-40AC-BF91-BC00B7EBD28E}.Release|x86.Build.0 = Release|Win32
	EndGlobalSection
	GlobalSection(SolutionProperties) = preSolution
		HideSolutionNode = FALSE
	EndGlobalSection
	GlobalSection(ExtensibilityGlobals) = postSolution
		SolutionGuid = {84EEB8A9-83DB-4A29-8C73-D15095D16448}
	EndGlobalSection
EndGlobal
