<?xml version="1.0" encoding="utf-8"?>
<Project ToolsVersion="4.0" xmlns="http://schemas.microsoft.com/developer/msbuild/2003">
  <ItemGroup>
    <Filter Include="源文件">
      <UniqueIdentifier>{4FC737F1-C7A5-4376-A066-2A32D752A2FF}</UniqueIdentifier>
      <Extensions>cpp;c;cc;cxx;c++;cppm;ixx;def;odl;idl;hpj;bat;asm;asmx</Extensions>
    </Filter>
    <Filter Include="头文件">
      <UniqueIdentifier>{93995380-89BD-4b04-88EB-625FBE52EBFB}</UniqueIdentifier>
      <Extensions>h;hh;hpp;hxx;h++;hm;inl;inc;ipp;xsd</Extensions>
    </Filter>
    <Filter Include="资源文件">
      <UniqueIdentifier>{67DA6AB6-F800-4c08-8B7A-83BB121AAD01}</UniqueIdentifier>
      <Extensions>rc;ico;cur;bmp;dlg;rc2;rct;bin;rgs;gif;jpg;jpeg;jpe;resx;tiff;tif;png;wav;mfcribbon-ms</Extensions>
    </Filter>
    <Filter Include="src">
      <UniqueIdentifier>{7d747e01-d928-483d-ae71-1627930d14ed}</UniqueIdentifier>
    </Filter>
    <Filter Include="include">
      <UniqueIdentifier>{7503aa69-af15-46bb-8fd7-ff2f11810352}</UniqueIdentifier>
    </Filter>
    <Filter Include="src\http">
      <UniqueIdentifier>{60461198-ac56-43c9-945e-d067e059d250}</UniqueIdentifier>
    </Filter>
    <Filter Include="klib">
      <UniqueIdentifier>{c4651e05-edd3-4465-8ae8-8cfa5ad10c8a}</UniqueIdentifier>
    </Filter>
    <Filter Include="klib\thread">
      <UniqueIdentifier>{6d967e9a-4f42-497a-b885-734037202ccf}</UniqueIdentifier>
    </Filter>
    <Filter Include="klib\util">
      <UniqueIdentifier>{a788fd6f-9b43-41f8-aea1-8ddc916c487c}</UniqueIdentifier>
    </Filter>
  </ItemGroup>
  <ItemGroup>
    <ClCompile Include="src\SwAgent.cpp">
      <Filter>src</Filter>
    </ClCompile>
    <ClCompile Include="src\SwContext.cpp">
      <Filter>src</Filter>
    </ClCompile>
    <ClCompile Include="src\SwDecorator.cpp">
      <Filter>src</Filter>
    </ClCompile>
    <ClCompile Include="src\SwDefine.cpp">
      <Filter>src</Filter>
    </ClCompile>
    <ClCompile Include="src\SwSpan.cpp">
      <Filter>src</Filter>
    </ClCompile>
    <ClCompile Include="src\SwSegment.cpp">
      <Filter>src</Filter>
    </ClCompile>
    <ClCompile Include="src\SwCarrier.cpp">
      <Filter>src</Filter>
    </ClCompile>
    <ClCompile Include="src\SwSnapshot.cpp">
      <Filter>src</Filter>
    </ClCompile>
    <ClCompile Include="..\..\klib.git\trunk\src\thread\KBuffer.cpp">
      <Filter>klib\thread</Filter>
    </ClCompile>
    <ClCompile Include="..\..\klib.git\trunk\src\thread\KCondVariable.cpp">
      <Filter>klib\thread</Filter>
    </ClCompile>
    <ClCompile Include="..\..\klib.git\trunk\src\thread\KError.cpp">
      <Filter>klib\thread</Filter>
    </ClCompile>
    <ClCompile Include="..\..\klib.git\trunk\src\thread\KEventObject.cpp">
      <Filter>klib\thread</Filter>
    </ClCompile>
    <ClCompile Include="..\..\klib.git\trunk\src\thread\KException.cpp">
      <Filter>klib\thread</Filter>
    </ClCompile>
    <ClCompile Include="..\..\klib.git\trunk\src\thread\KMutex.cpp">
      <Filter>klib\thread</Filter>
    </ClCompile>
    <ClCompile Include="..\..\klib.git\trunk\src\util\KBase64.cpp">
      <Filter>klib\util</Filter>
    </ClCompile>
    <ClCompile Include="..\..\klib.git\trunk\src\util\KEndian.cpp">
      <Filter>klib\util</Filter>
    </ClCompile>
    <ClCompile Include="..\..\klib.git\trunk\src\util\KSHA1.cpp">
      <Filter>klib\util</Filter>
    </ClCompile>
    <ClCompile Include="..\..\klib.git\trunk\src\util\KStringUtility.cpp">
      <Filter>klib\util</Filter>
    </ClCompile>
    <ClCompile Include="..\..\klib.git\trunk\src\util\KTime.cpp">
      <Filter>klib\util</Filter>
    </ClCompile>
    <ClCompile Include="src\http\SwHttp.cpp">
      <Filter>src\http</Filter>
    </ClCompile>
    <ClCompile Include="src\http\SwReporter.cpp">
      <Filter>src\http</Filter>
    </ClCompile>
  </ItemGroup>
  <ItemGroup>
    <ClInclude Include="include\SwAgent.h">
      <Filter>include</Filter>
    </ClInclude>
    <ClInclude Include="include\SwContext.h">
      <Filter>include</Filter>
    </ClInclude>
    <ClInclude Include="include\SwDecorator.h">
      <Filter>include</Filter>
    </ClInclude>
    <ClInclude Include="include\SwDefine.h">
      <Filter>include</Filter>
    </ClInclude>
    <ClInclude Include="include\SwHeaders.h">
      <Filter>include</Filter>
    </ClInclude>
    <ClInclude Include="include\SwSpan.h">
      <Filter>include</Filter>
    </ClInclude>
    <ClInclude Include="include\SwSegment.h">
      <Filter>include</Filter>
    </ClInclude>
    <ClInclude Include="include\SwCarrier.h">
      <Filter>include</Filter>
    </ClInclude>
    <ClInclude Include="include\SwSnapshot.h">
      <Filter>include</Filter>
    </ClInclude>
    <ClInclude Include="..\..\klib.git\trunk\src\thread\KAny.h">
      <Filter>klib\thread</Filter>
    </ClInclude>
    <ClInclude Include="..\..\klib.git\trunk\src\thread\KAtomic.h">
      <Filter>klib\thread</Filter>
    </ClInclude>
    <ClInclude Include="..\..\klib.git\trunk\src\thread\KBuffer.h">
      <Filter>klib\thread</Filter>
    </ClInclude>
    <ClInclude Include="..\..\klib.git\trunk\src\thread\KCondVariable.h">
      <Filter>klib\thread</Filter>
    </ClInclude>
    <ClInclude Include="..\..\klib.git\trunk\src\thread\KError.h">
      <Filter>klib\thread</Filter>
    </ClInclude>
    <ClInclude Include="..\..\klib.git\trunk\src\thread\KEventObject.h">
      <Filter>klib\thread</Filter>
    </ClInclude>
    <ClInclude Include="..\..\klib.git\trunk\src\thread\KException.h">
      <Filter>klib\thread</Filter>
    </ClInclude>
    <ClInclude Include="..\..\klib.git\trunk\src\thread\KLockGuard.h">
      <Filter>klib\thread</Filter>
    </ClInclude>
    <ClInclude Include="..\..\klib.git\trunk\src\thread\KMutex.h">
      <Filter>klib\thread</Filter>
    </ClInclude>
    <ClInclude Include="..\..\klib.git\trunk\src\thread\KPthread.h">
      <Filter>klib\thread</Filter>
    </ClInclude>
    <ClInclude Include="..\..\klib.git\trunk\src\thread\KQueue.h">
      <Filter>klib\thread</Filter>
    </ClInclude>
    <ClInclude Include="..\..\klib.git\trunk\src\util\KBase64.h">
      <Filter>klib\util</Filter>
    </ClInclude>
    <ClInclude Include="..\..\klib.git\trunk\src\util\KCsvFile.hpp">
      <Filter>klib\util</Filter>
    </ClInclude>
    <ClInclude Include="..\..\klib.git\trunk\src\util\KEndian.h">
      <Filter>klib\util</Filter>
    </ClInclude>
    <ClInclude Include="..\..\klib.git\trunk\src\util\KIniFile.hpp">
      <Filter>klib\util</Filter>
    </ClInclude>
    <ClInclude Include="..\..\klib.git\trunk\src\util\KSHA1.h">
      <Filter>klib\util</Filter>
    </ClInclude>
    <ClInclude Include="..\..\klib.git\trunk\src\util\KSingleton.hpp">
      <Filter>klib\util</Filter>
    </ClInclude>
    <ClInclude Include="..\..\klib.git\trunk\src\util\KStringUtility.h">
      <Filter>klib\util</Filter>
    </ClInclude>
    <ClInclude Include="..\..\klib.git\trunk\src\util\KTextFile.hpp">
      <Filter>klib\util</Filter>
    </ClInclude>
    <ClInclude Include="..\..\klib.git\trunk\src\util\KTime.h">
      <Filter>klib\util</Filter>
    </ClInclude>
    <ClInclude Include="src\http\SwHttp.h">
      <Filter>src\http</Filter>
    </ClInclude>
    <ClInclude Include="src\http\SwReporter.h">
      <Filter>src\http</Filter>
    </ClInclude>
  </ItemGroup>
</Project>